
Microsoft Visual Studio Solution File, Format Version 12.00
# Visual Studio Version 17
VisualStudioVersion = 17.7.34031.279
MinimumVisualStudioVersion = 10.0.40219.1
Project("{FAE04EC0-301F-11D3-BF4B-00C04F79EFBC}") = "Powtorzeniowy", "Powtorzeniowy.csproj", "{40D47104-857F-4D88-B377-1D65AB2D3286}"
EndProject
Global
	GlobalSection(SolutionConfigurationPlatforms) = preSolution
		Debug|Any CPU = Debug|Any CPU
		Release|Any CPU = Release|Any CPU
	EndGlobalSection
	GlobalSection(ProjectConfigurationPlatforms) = postSolution
		{40D47104-857F-4D88-B377-1D65AB2D3286}.Debug|Any CPU.ActiveCfg = Debug|Any CPU
		{40D47104-857F-4D88-B377-1D65AB2D3286}.Debug|Any CPU.Build.0 = Debug|Any CPU
		{40D47104-857F-4D88-B377-1D65AB2D3286}.Release|Any CPU.ActiveCfg = Release|Any CPU
		{40D47104-857F-4D88-B377-1D65AB2D3286}.Release|Any CPU.Build.0 = Release|Any CPU
	EndGlobalSection
	GlobalSection(SolutionProperties) = preSolution
		HideSolutionNode = FALSE
	EndGlobalSection
	GlobalSection(ExtensibilityGlobals) = postSolution
		SolutionGuid = {A5B4990F-4D91-4F09-B5F6-D329E835AC33}
	EndGlobalSection
EndGlobal
